// !$*UTF8*$!
{
	archiveVersion = 1;
	classes = {
	};
	objectVersion = 56;
	objects = {

/* Begin PBXBuildFile section */
		BE4D2DEB2A7E733C0087AC58 /* LocationViewModel.swift in Sources */ = {isa = PBXBuildFile; fileRef = BE4D2DEA2A7E733C0087AC58 /* LocationViewModel.swift */; };
		BE84BF522A7E6A9500890806 /* MappyApp.swift in Sources */ = {isa = PBXBuildFile; fileRef = BE84BF512A7E6A9500890806 /* MappyApp.swift */; };
		BE84BF542A7E6A9500890806 /* ContentView.swift in Sources */ = {isa = PBXBuildFile; fileRef = BE84BF532A7E6A9500890806 /* ContentView.swift */; };
		BE84BF562A7E6A9E00890806 /* Assets.xcassets in Resources */ = {isa = PBXBuildFile; fileRef = BE84BF552A7E6A9E00890806 /* Assets.xcassets */; };
		BE84BF592A7E6A9E00890806 /* Preview Assets.xcassets in Resources */ = {isa = PBXBuildFile; fileRef = BE84BF582A7E6A9E00890806 /* Preview Assets.xcassets */; };
		BE84BF632A7E6C0100890806 /* Location.swift in Sources */ = {isa = PBXBuildFile; fileRef = BE84BF622A7E6C0100890806 /* Location.swift */; };
		BE84BF662A7E6CD200890806 /* LocationServices.swift in Sources */ = {isa = PBXBuildFile; fileRef = BE84BF652A7E6CD200890806 /* LocationServices.swift */; };
		BE84BF6A2A7E6E5D00890806 /* LocationView.swift in Sources */ = {isa = PBXBuildFile; fileRef = BE84BF692A7E6E5D00890806 /* LocationView.swift */; };
		BE980A212A7E8E32006DF1C9 /* LocationListView.swift in Sources */ = {isa = PBXBuildFile; fileRef = BE980A202A7E8E32006DF1C9 /* LocationListView.swift */; };
		BE980A232A7EB0D4006DF1C9 /* LocationDisplayView.swift in Sources */ = {isa = PBXBuildFile; fileRef = BE980A222A7EB0D4006DF1C9 /* LocationDisplayView.swift */; };
/* End PBXBuildFile section */

/* Begin PBXFileReference section */
		BE4D2DEA2A7E733C0087AC58 /* LocationViewModel.swift */ = {isa = PBXFileReference; lastKnownFileType = sourcecode.swift; path = LocationViewModel.swift; sourceTree = "<group>"; };
		BE84BF4E2A7E6A9500890806 /* Mappy.app */ = {isa = PBXFileReference; explicitFileType = wrapper.application; includeInIndex = 0; path = Mappy.app; sourceTree = BUILT_PRODUCTS_DIR; };
		BE84BF512A7E6A9500890806 /* MappyApp.swift */ = {isa = PBXFileReference; lastKnownFileType = sourcecode.swift; path = MappyApp.swift; sourceTree = "<group>"; };
		BE84BF532A7E6A9500890806 /* ContentView.swift */ = {isa = PBXFileReference; lastKnownFileType = sourcecode.swift; path = ContentView.swift; sourceTree = "<group>"; };
		BE84BF552A7E6A9E00890806 /* Assets.xcassets */ = {isa = PBXFileReference; lastKnownFileType = folder.assetcatalog; path = Assets.xcassets; sourceTree = "<group>"; };
		BE84BF582A7E6A9E00890806 /* Preview Assets.xcassets */ = {isa = PBXFileReference; lastKnownFileType = folder.assetcatalog; path = "Preview Assets.xcassets"; sourceTree = "<group>"; };
		BE84BF622A7E6C0100890806 /* Location.swift */ = {isa = PBXFileReference; lastKnownFileType = sourcecode.swift; path = Location.swift; sourceTree = "<group>"; };
		BE84BF652A7E6CD200890806 /* LocationServices.swift */ = {isa = PBXFileReference; lastKnownFileType = sourcecode.swift; path = LocationServices.swift; sourceTree = "<group>"; };
		BE84BF692A7E6E5D00890806 /* LocationView.swift */ = {isa = PBXFileReference; lastKnownFileType = sourcecode.swift; path = LocationView.swift; sourceTree = "<group>"; };
		BE980A202A7E8E32006DF1C9 /* LocationListView.swift */ = {isa = PBXFileReference; lastKnownFileType = sourcecode.swift; path = LocationListView.swift; sourceTree = "<group>"; };
		BE980A222A7EB0D4006DF1C9 /* LocationDisplayView.swift */ = {isa = PBXFileReference; lastKnownFileType = sourcecode.swift; path = LocationDisplayView.swift; sourceTree = "<group>"; };
/* End PBXFileReference section */

/* Begin PBXFrameworksBuildPhase section */
		BE84BF4B2A7E6A9500890806 /* Frameworks */ = {
			isa = PBXFrameworksBuildPhase;
			buildActionMask = 2147483647;
			files = (
			);
			runOnlyForDeploymentPostprocessing = 0;
		};
/* End PBXFrameworksBuildPhase section */

/* Begin PBXGroup section */
		BE84BF452A7E6A9500890806 = {
			isa = PBXGroup;
			children = (
				BE84BF502A7E6A9500890806 /* Mappy */,
				BE84BF4F2A7E6A9500890806 /* Products */,
			);
			sourceTree = "<group>";
		};
		BE84BF4F2A7E6A9500890806 /* Products */ = {
			isa = PBXGroup;
			children = (
				BE84BF4E2A7E6A9500890806 /* Mappy.app */,
			);
			name = Products;
			sourceTree = "<group>";
		};
		BE84BF502A7E6A9500890806 /* Mappy */ = {
			isa = PBXGroup;
			children = (
				BE84BF512A7E6A9500890806 /* MappyApp.swift */,
				BE84BF532A7E6A9500890806 /* ContentView.swift */,
				BE84BF642A7E6CB000890806 /* Services */,
				BE84BF612A7E6BAB00890806 /* Views */,
				BE84BF602A7E6BA100890806 /* ViewModel */,
				BE84BF5F2A7E6B9C00890806 /* Model */,
				BE84BF552A7E6A9E00890806 /* Assets.xcassets */,
				BE84BF572A7E6A9E00890806 /* Preview Content */,
			);
			path = Mappy;
			sourceTree = "<group>";
		};
		BE84BF572A7E6A9E00890806 /* Preview Content */ = {
			isa = PBXGroup;
			children = (
				BE84BF582A7E6A9E00890806 /* Preview Assets.xcassets */,
			);
			path = "Preview Content";
			sourceTree = "<group>";
		};
		BE84BF5F2A7E6B9C00890806 /* Model */ = {
			isa = PBXGroup;
			children = (
				BE84BF622A7E6C0100890806 /* Location.swift */,
			);
			path = Model;
			sourceTree = "<group>";
		};
		BE84BF602A7E6BA100890806 /* ViewModel */ = {
			isa = PBXGroup;
			children = (
				BE4D2DEA2A7E733C0087AC58 /* LocationViewModel.swift */,
			);
			path = ViewModel;
			sourceTree = "<group>";
		};
		BE84BF612A7E6BAB00890806 /* Views */ = {
			isa = PBXGroup;
			children = (
				BE84BF692A7E6E5D00890806 /* LocationView.swift */,
				BE980A202A7E8E32006DF1C9 /* LocationListView.swift */,
				BE980A222A7EB0D4006DF1C9 /* LocationDisplayView.swift */,
			);
			path = Views;
			sourceTree = "<group>";
		};
		BE84BF642A7E6CB000890806 /* Services */ = {
			isa = PBXGroup;
			children = (
				BE84BF652A7E6CD200890806 /* LocationServices.swift */,
			);
			path = Services;
			sourceTree = "<group>";
		};
/* End PBXGroup section */

/* Begin PBXNativeTarget section */
		BE84BF4D2A7E6A9500890806 /* Mappy */ = {
			isa = PBXNativeTarget;
			buildConfigurationList = BE84BF5C2A7E6A9E00890806 /* Build configuration list for PBXNativeTarget "Mappy" */;
			buildPhases = (
				BE84BF4A2A7E6A9500890806 /* Sources */,
				BE84BF4B2A7E6A9500890806 /* Frameworks */,
				BE84BF4C2A7E6A9500890806 /* Resources */,
			);
			buildRules = (
			);
			dependencies = (
			);
			name = Mappy;
			productName = Mappy;
			productReference = BE84BF4E2A7E6A9500890806 /* Mappy.app */;
			productType = "com.apple.product-type.application";
		};
/* End PBXNativeTarget section */

/* Begin PBXProject section */
		BE84BF462A7E6A9500890806 /* Project object */ = {
			isa = PBXProject;
			attributes = {
				BuildIndependentTargetsInParallel = 1;
				LastSwiftUpdateCheck = 1400;
				LastUpgradeCheck = 1400;
				TargetAttributes = {
					BE84BF4D2A7E6A9500890806 = {
						CreatedOnToolsVersion = 14.0.1;
					};
				};
			};
			buildConfigurationList = BE84BF492A7E6A9500890806 /* Build configuration list for PBXProject "Mappy" */;
			compatibilityVersion = "Xcode 14.0";
			developmentRegion = en;
			hasScannedForEncodings = 0;
			knownRegions = (
				en,
				Base,
			);
			mainGroup = BE84BF452A7E6A9500890806;
			productRefGroup = BE84BF4F2A7E6A9500890806 /* Products */;
			projectDirPath = "";
			projectRoot = "";
			targets = (
				BE84BF4D2A7E6A9500890806 /* Mappy */,
			);
		};
/* End PBXProject section */

/* Begin PBXResourcesBuildPhase section */
		BE84BF4C2A7E6A9500890806 /* Resources */ = {
			isa = PBXResourcesBuildPhase;
			buildActionMask = 2147483647;
			files = (
				BE84BF592A7E6A9E00890806 /* Preview Assets.xcassets in Resources */,
				BE84BF562A7E6A9E00890806 /* Assets.xcassets in Resources */,
			);
			runOnlyForDeploymentPostprocessing = 0;
		};
/* End PBXResourcesBuildPhase section */

/* Begin PBXSourcesBuildPhase section */
		BE84BF4A2A7E6A9500890806 /* Sources */ = {
			isa = PBXSourcesBuildPhase;
			buildActionMask = 2147483647;
			files = (
				BE84BF542A7E6A9500890806 /* ContentView.swift in Sources */,
				BE4D2DEB2A7E733C0087AC58 /* LocationViewModel.swift in Sources */,
				BE84BF632A7E6C0100890806 /* Location.swift in Sources */,
				BE84BF6A2A7E6E5D00890806 /* LocationView.swift in Sources */,
				BE980A212A7E8E32006DF1C9 /* LocationListView.swift in Sources */,
				BE84BF662A7E6CD200890806 /* LocationServices.swift in Sources */,
				BE980A232A7EB0D4006DF1C9 /* LocationDisplayView.swift in Sources */,
				BE84BF522A7E6A9500890806 /* MappyApp.swift in Sources */,
			);
			runOnlyForDeploymentPostprocessing = 0;
		};
/* End PBXSourcesBuildPhase section */

/* Begin XCBuildConfiguration section */
		BE84BF5A2A7E6A9E00890806 /* Debug */ = {
			isa = XCBuildConfiguration;
			buildSettings = {
				ALWAYS_SEARCH_USER_PATHS = NO;
				CLANG_ANALYZER_NONNULL = YES;
				CLANG_ANALYZER_NUMBER_OBJECT_CONVERSION = YES_AGGRESSIVE;
				CLANG_CXX_LANGUAGE_STANDARD = "gnu++20";
				CLANG_ENABLE_MODULES = YES;
				CLANG_ENABLE_OBJC_ARC = YES;
				CLANG_ENABLE_OBJC_WEAK = YES;
				CLANG_WARN_BLOCK_CAPTURE_AUTORELEASING = YES;
				CLANG_WARN_BOOL_CONVERSION = YES;
				CLANG_WARN_COMMA = YES;
				CLANG_WARN_CONSTANT_CONVERSION = YES;
				CLANG_WARN_DEPRECATED_OBJC_IMPLEMENTATIONS = YES;
				CLANG_WARN_DIRECT_OBJC_ISA_USAGE = YES_ERROR;
				CLANG_WARN_DOCUMENTATION_COMMENTS = YES;
				CLANG_WARN_EMPTY_BODY = YES;
				CLANG_WARN_ENUM_CONVERSION = YES;
				CLANG_WARN_INFINITE_RECURSION = YES;
				CLANG_WARN_INT_CONVERSION = YES;
				CLANG_WARN_NON_LITERAL_NULL_CONVERSION = YES;
				CLANG_WARN_OBJC_IMPLICIT_RETAIN_SELF = YES;
				CLANG_WARN_OBJC_LITERAL_CONVERSION = YES;
				CLANG_WARN_OBJC_ROOT_CLASS = YES_ERROR;
				CLANG_WARN_QUOTED_INCLUDE_IN_FRAMEWORK_HEADER = YES;
				CLANG_WARN_RANGE_LOOP_ANALYSIS = YES;
				CLANG_WARN_STRICT_PROTOTYPES = YES;
				CLANG_WARN_SUSPICIOUS_MOVE = YES;
				CLANG_WARN_UNGUARDED_AVAILABILITY = YES_AGGRESSIVE;
				CLANG_WARN_UNREACHABLE_CODE = YES;
				CLANG_WARN__DUPLICATE_METHOD_MATCH = YES;
				COPY_PHASE_STRIP = NO;
				DEBUG_INFORMATION_FORMAT = dwarf;
				ENABLE_STRICT_OBJC_MSGSEND = YES;
				ENABLE_TESTABILITY = YES;
				GCC_C_LANGUAGE_STANDARD = gnu11;
				GCC_DYNAMIC_NO_PIC = NO;
				GCC_NO_COMMON_BLOCKS = YES;
				GCC_OPTIMIZATION_LEVEL = 0;
				GCC_PREPROCESSOR_DEFINITIONS = (
					"DEBUG=1",
					"$(inherited)",
				);
				GCC_WARN_64_TO_32_BIT_CONVERSION = YES;
				GCC_WARN_ABOUT_RETURN_TYPE = YES_ERROR;
				GCC_WARN_UNDECLARED_SELECTOR = YES;
				GCC_WARN_UNINITIALIZED_AUTOS = YES_AGGRESSIVE;
				GCC_WARN_UNUSED_FUNCTION = YES;
				GCC_WARN_UNUSED_VARIABLE = YES;
				IPHONEOS_DEPLOYMENT_TARGET = 16.0;
				MTL_ENABLE_DEBUG_INFO = INCLUDE_SOURCE;
				MTL_FAST_MATH = YES;
				ONLY_ACTIVE_ARCH = YES;
				SDKROOT = iphoneos;
				SWIFT_ACTIVE_COMPILATION_CONDITIONS = DEBUG;
				SWIFT_OPTIMIZATION_LEVEL = "-Onone";
			};
			name = Debug;
		};
		BE84BF5B2A7E6A9E00890806 /* Release */ = {
			isa = XCBuildConfiguration;
			buildSettings = {
				ALWAYS_SEARCH_USER_PATHS = NO;
				CLANG_ANALYZER_NONNULL = YES;
				CLANG_ANALYZER_NUMBER_OBJECT_CONVERSION = YES_AGGRESSIVE;
				CLANG_CXX_LANGUAGE_STANDARD = "gnu++20";
				CLANG_ENABLE_MODULES = YES;
				CLANG_ENABLE_OBJC_ARC = YES;
				CLANG_ENABLE_OBJC_WEAK = YES;
				CLANG_WARN_BLOCK_CAPTURE_AUTORELEASING = YES;
				CLANG_WARN_BOOL_CONVERSION = YES;
				CLANG_WARN_COMMA = YES;
				CLANG_WARN_CONSTANT_CONVERSION = YES;
				CLANG_WARN_DEPRECATED_OBJC_IMPLEMENTATIONS = YES;
				CLANG_WARN_DIRECT_OBJC_ISA_USAGE = YES_ERROR;
				CLANG_WARN_DOCUMENTATION_COMMENTS = YES;
				CLANG_WARN_EMPTY_BODY = YES;
				CLANG_WARN_ENUM_CONVERSION = YES;
				CLANG_WARN_INFINITE_RECURSION = YES;
				CLANG_WARN_INT_CONVERSION = YES;
				CLANG_WARN_NON_LITERAL_NULL_CONVERSION = YES;
				CLANG_WARN_OBJC_IMPLICIT_RETAIN_SELF = YES;
				CLANG_WARN_OBJC_LITERAL_CONVERSION = YES;
				CLANG_WARN_OBJC_ROOT_CLASS = YES_ERROR;
				CLANG_WARN_QUOTED_INCLUDE_IN_FRAMEWORK_HEADER = YES;
				CLANG_WARN_RANGE_LOOP_ANALYSIS = YES;
				CLANG_WARN_STRICT_PROTOTYPES = YES;
				CLANG_WARN_SUSPICIOUS_MOVE = YES;
				CLANG_WARN_UNGUARDED_AVAILABILITY = YES_AGGRESSIVE;
				CLANG_WARN_UNREACHABLE_CODE = YES;
				CLANG_WARN__DUPLICATE_METHOD_MATCH = YES;
				COPY_PHASE_STRIP = NO;
				DEBUG_INFORMATION_FORMAT = "dwarf-with-dsym";
				ENABLE_NS_ASSERTIONS = NO;
				ENABLE_STRICT_OBJC_MSGSEND = YES;
				GCC_C_LANGUAGE_STANDARD = gnu11;
				GCC_NO_COMMON_BLOCKS = YES;
				GCC_WARN_64_TO_32_BIT_CONVERSION = YES;
				GCC_WARN_ABOUT_RETURN_TYPE = YES_ERROR;
				GCC_WARN_UNDECLARED_SELECTOR = YES;
				GCC_WARN_UNINITIALIZED_AUTOS = YES_AGGRESSIVE;
				GCC_WARN_UNUSED_FUNCTION = YES;
				GCC_WARN_UNUSED_VARIABLE = YES;
				IPHONEOS_DEPLOYMENT_TARGET = 16.0;
				MTL_ENABLE_DEBUG_INFO = NO;
				MTL_FAST_MATH = YES;
				SDKROOT = iphoneos;
				SWIFT_COMPILATION_MODE = wholemodule;
				SWIFT_OPTIMIZATION_LEVEL = "-O";
				VALIDATE_PRODUCT = YES;
			};
			name = Release;
		};
		BE84BF5D2A7E6A9E00890806 /* Debug */ = {
			isa = XCBuildConfiguration;
			buildSettings = {
				ASSETCATALOG_COMPILER_APPICON_NAME = AppIcon;
				ASSETCATALOG_COMPILER_GLOBAL_ACCENT_COLOR_NAME = AccentColor;
				CODE_SIGN_STYLE = Automatic;
				CURRENT_PROJECT_VERSION = 1;
				DEVELOPMENT_ASSET_PATHS = "\"Mappy/Preview Content\"";
				DEVELOPMENT_TEAM = XW9T242VLK;
				ENABLE_PREVIEWS = YES;
				GENERATE_INFOPLIST_FILE = YES;
				INFOPLIST_KEY_UIApplicationSceneManifest_Generation = YES;
				INFOPLIST_KEY_UIApplicationSupportsIndirectInputEvents = YES;
				INFOPLIST_KEY_UILaunchScreen_Generation = YES;
				INFOPLIST_KEY_UISupportedInterfaceOrientations_iPad = "UIInterfaceOrientationPortrait UIInterfaceOrientationPortraitUpsideDown UIInterfaceOrientationLandscapeLeft UIInterfaceOrientationLandscapeRight";
				INFOPLIST_KEY_UISupportedInterfaceOrientations_iPhone = "UIInterfaceOrientationPortrait UIInterfaceOrientationLandscapeLeft UIInterfaceOrientationLandscapeRight";
				LD_RUNPATH_SEARCH_PATHS = (
					"$(inherited)",
					"@executable_path/Frameworks",
				);
				MARKETING_VERSION = 1.0;
				PRODUCT_BUNDLE_IDENTIFIER = com.harungunes.Mappy;
				PRODUCT_NAME = "$(TARGET_NAME)";
				SWIFT_EMIT_LOC_STRINGS = YES;
				SWIFT_VERSION = 5.0;
				TARGETED_DEVICE_FAMILY = "1,2";
			};
			name = Debug;
		};
		BE84BF5E2A7E6A9E00890806 /* Release */ = {
			isa = XCBuildConfiguration;
			buildSettings = {
				ASSETCATALOG_COMPILER_APPICON_NAME = AppIcon;
				ASSETCATALOG_COMPILER_GLOBAL_ACCENT_COLOR_NAME = AccentColor;
				CODE_SIGN_STYLE = Automatic;
				CURRENT_PROJECT_VERSION = 1;
				DEVELOPMENT_ASSET_PATHS = "\"Mappy/Preview Content\"";
				DEVELOPMENT_TEAM = XW9T242VLK;
				ENABLE_PREVIEWS = YES;
				GENERATE_INFOPLIST_FILE = YES;
				INFOPLIST_KEY_UIApplicationSceneManifest_Generation = YES;
				INFOPLIST_KEY_UIApplicationSupportsIndirectInputEvents = YES;
				INFOPLIST_KEY_UILaunchScreen_Generation = YES;
				INFOPLIST_KEY_UISupportedInterfaceOrientations_iPad = "UIInterfaceOrientationPortrait UIInterfaceOrientationPortraitUpsideDown UIInterfaceOrientationLandscapeLeft UIInterfaceOrientationLandscapeRight";
				INFOPLIST_KEY_UISupportedInterfaceOrientations_iPhone = "UIInterfaceOrientationPortrait UIInterfaceOrientationLandscapeLeft UIInterfaceOrientationLandscapeRight";
				LD_RUNPATH_SEARCH_PATHS = (
					"$(inherited)",
					"@executable_path/Frameworks",
				);
				MARKETING_VERSION = 1.0;
				PRODUCT_BUNDLE_IDENTIFIER = com.harungunes.Mappy;
				PRODUCT_NAME = "$(TARGET_NAME)";
				SWIFT_EMIT_LOC_STRINGS = YES;
				SWIFT_VERSION = 5.0;
				TARGETED_DEVICE_FAMILY = "1,2";
			};
			name = Release;
		};
/* End XCBuildConfiguration section */

/* Begin XCConfigurationList section */
		BE84BF492A7E6A9500890806 /* Build configuration list for PBXProject "Mappy" */ = {
			isa = XCConfigurationList;
			buildConfigurations = (
				BE84BF5A2A7E6A9E00890806 /* Debug */,
				BE84BF5B2A7E6A9E00890806 /* Release */,
			);
			defaultConfigurationIsVisible = 0;
			defaultConfigurationName = Release;
		};
		BE84BF5C2A7E6A9E00890806 /* Build configuration list for PBXNativeTarget "Mappy" */ = {
			isa = XCConfigurationList;
			buildConfigurations = (
				BE84BF5D2A7E6A9E00890806 /* Debug */,
				BE84BF5E2A7E6A9E00890806 /* Release */,
			);
			defaultConfigurationIsVisible = 0;
			defaultConfigurationName = Release;
		};
/* End XCConfigurationList section */
	};
	rootObject = BE84BF462A7E6A9500890806 /* Project object */;
}
